// !$*UTF8*$!
{
	archiveVersion = 1;
	classes = {
	};
	objectVersion = 46;
	objects = {

/* Begin PBXBuildFile section */
		739566B21D49962600365141 /* AppDelegate.swift in Sources */ = {isa = PBXBuildFile; fileRef = 739566B11D49962600365141 /* AppDelegate.swift */; };
		739566B41D49962600365141 /* ViewController.swift in Sources */ = {isa = PBXBuildFile; fileRef = 739566B31D49962600365141 /* ViewController.swift */; };
		739566B71D49962600365141 /* Main.storyboard in Resources */ = {isa = PBXBuildFile; fileRef = 739566B51D49962600365141 /* Main.storyboard */; };
		739566B91D49962600365141 /* Assets.xcassets in Resources */ = {isa = PBXBuildFile; fileRef = 739566B81D49962600365141 /* Assets.xcassets */; };
		739566BC1D49962600365141 /* LaunchScreen.storyboard in Resources */ = {isa = PBXBuildFile; fileRef = 739566BA1D49962600365141 /* LaunchScreen.storyboard */; };
		739566C41D49995300365141 /* GuessNumberGameSupport.swift in Sources */ = {isa = PBXBuildFile; fileRef = 739566C31D49995300365141 /* GuessNumberGameSupport.swift */; };
/* End PBXBuildFile section */

/* Begin PBXFileReference section */
		739566AE1D49962600365141 /* HelloGuessNumber.app */ = {isa = PBXFileReference; explicitFileType = wrapper.application; includeInIndex = 0; path = HelloGuessNumber.app; sourceTree = BUILT_PRODUCTS_DIR; };
		739566B11D49962600365141 /* AppDelegate.swift */ = {isa = PBXFileReference; lastKnownFileType = sourcecode.swift; path = AppDelegate.swift; sourceTree = "<group>"; };
		739566B31D49962600365141 /* ViewController.swift */ = {isa = PBXFileReference; lastKnownFileType = sourcecode.swift; path = ViewController.swift; sourceTree = "<group>"; };
		739566B61D49962600365141 /* Base */ = {isa = PBXFileReference; lastKnownFileType = file.storyboard; name = Base; path = Base.lproj/Main.storyboard; sourceTree = "<group>"; };
		739566B81D49962600365141 /* Assets.xcassets */ = {isa = PBXFileReference; lastKnownFileType = folder.assetcatalog; path = Assets.xcassets; sourceTree = "<group>"; };
		739566BB1D49962600365141 /* Base */ = {isa = PBXFileReference; lastKnownFileType = file.storyboard; name = Base; path = Base.lproj/LaunchScreen.storyboard; sourceTree = "<group>"; };
		739566BD1D49962600365141 /* Info.plist */ = {isa = PBXFileReference; lastKnownFileType = text.plist.xml; path = Info.plist; sourceTree = "<group>"; };
		739566C31D49995300365141 /* GuessNumberGameSupport.swift */ = {isa = PBXFileReference; fileEncoding = 4; lastKnownFileType = sourcecode.swift; path = GuessNumberGameSupport.swift; sourceTree = "<group>"; };
/* End PBXFileReference section */

/* Begin PBXFrameworksBuildPhase section */
		739566AB1D49962600365141 /* Frameworks */ = {
			isa = PBXFrameworksBuildPhase;
			buildActionMask = 2147483647;
			files = (
			);
			runOnlyForDeploymentPostprocessing = 0;
		};
/* End PBXFrameworksBuildPhase section */

/* Begin PBXGroup section */
		739566A51D49962600365141 = {
			isa = PBXGroup;
			children = (
				739566B01D49962600365141 /* HelloGuessNumber */,
				739566AF1D49962600365141 /* Products */,
			);
			sourceTree = "<group>";
		};
		739566AF1D49962600365141 /* Products */ = {
			isa = PBXGroup;
			children = (
				739566AE1D49962600365141 /* HelloGuessNumber.app */,
			);
			name = Products;
			sourceTree = "<group>";
		};
		739566B01D49962600365141 /* HelloGuessNumber */ = {
			isa = PBXGroup;
			children = (
				739566B11D49962600365141 /* AppDelegate.swift */,
				739566B31D49962600365141 /* ViewController.swift */,
				739566C31D49995300365141 /* GuessNumberGameSupport.swift */,
				739566B51D49962600365141 /* Main.storyboard */,
				739566B81D49962600365141 /* Assets.xcassets */,
				739566BA1D49962600365141 /* LaunchScreen.storyboard */,
				739566BD1D49962600365141 /* Info.plist */,
			);
			path = HelloGuessNumber;
			sourceTree = "<group>";
		};
/* End PBXGroup section */

/* Begin PBXNativeTarget section */
		739566AD1D49962600365141 /* HelloGuessNumber */ = {
			isa = PBXNativeTarget;
			buildConfigurationList = 739566C01D49962600365141 /* Build configuration list for PBXNativeTarget "HelloGuessNumber" */;
			buildPhases = (
				739566AA1D49962600365141 /* Sources */,
				739566AB1D49962600365141 /* Frameworks */,
				739566AC1D49962600365141 /* Resources */,
			);
			buildRules = (
			);
			dependencies = (
			);
			name = HelloGuessNumber;
			productName = HelloGuessNumber;
			productReference = 739566AE1D49962600365141 /* HelloGuessNumber.app */;
			productType = "com.apple.product-type.application";
		};
/* End PBXNativeTarget section */

/* Begin PBXProject section */
		739566A61D49962600365141 /* Project object */ = {
			isa = PBXProject;
			attributes = {
				LastSwiftUpdateCheck = 0730;
				LastUpgradeCheck = 0730;
				ORGANIZATIONNAME = MINYEH;
				TargetAttributes = {
					739566AD1D49962600365141 = {
						CreatedOnToolsVersion = 7.3;
						DevelopmentTeam = UPYJUJ97G6;
					};
				};
			};
			buildConfigurationList = 739566A91D49962600365141 /* Build configuration list for PBXProject "HelloGuessNumber" */;
			compatibilityVersion = "Xcode 3.2";
			developmentRegion = English;
			hasScannedForEncodings = 0;
			knownRegions = (
				en,
				Base,
			);
			mainGroup = 739566A51D49962600365141;
			productRefGroup = 739566AF1D49962600365141 /* Products */;
			projectDirPath = "";
			projectRoot = "";
			targets = (
				739566AD1D49962600365141 /* HelloGuessNumber */,
			);
		};
/* End PBXProject section */

/* Begin PBXResourcesBuildPhase section */
		739566AC1D49962600365141 /* Resources */ = {
			isa = PBXResourcesBuildPhase;
			buildActionMask = 2147483647;
			files = (
				739566BC1D49962600365141 /* LaunchScreen.storyboard in Resources */,
				739566B91D49962600365141 /* Assets.xcassets in Resources */,
				739566B71D49962600365141 /* Main.storyboard in Resources */,
			);
			runOnlyForDeploymentPostprocessing = 0;
		};
/* End PBXResourcesBuildPhase section */

/* Begin PBXSourcesBuildPhase section */
		739566AA1D49962600365141 /* Sources */ = {
			isa = PBXSourcesBuildPhase;
			buildActionMask = 2147483647;
			files = (
				739566B41D49962600365141 /* ViewController.swift in Sources */,
				739566B21D49962600365141 /* AppDelegate.swift in Sources */,
				739566C41D49995300365141 /* GuessNumberGameSupport.swift in Sources */,
			);
			runOnlyForDeploymentPostprocessing = 0;
		};
/* End PBXSourcesBuildPhase section */

/* Begin PBXVariantGroup section */
		739566B51D49962600365141 /* Main.storyboard */ = {
			isa = PBXVariantGroup;
			children = (
				739566B61D49962600365141 /* Base */,
			);
			name = Main.storyboard;
			sourceTree = "<group>";
		};
		739566BA1D49962600365141 /* LaunchScreen.storyboard */ = {
			isa = PBXVariantGroup;
			children = (
				739566BB1D49962600365141 /* Base */,
			);
			name = LaunchScreen.storyboard;
			sourceTree = "<group>";
		};
/* End PBXVariantGroup section */

/* Begin XCBuildConfiguration section */
		739566BE1D49962600365141 /* Debug */ = {
			isa = XCBuildConfiguration;
			buildSettings = {
				ALWAYS_SEARCH_USER_PATHS = NO;
				CLANG_ANALYZER_NONNULL = YES;
				CLANG_CXX_LANGUAGE_STANDARD = "gnu++0x";
				CLANG_CXX_LIBRARY = "libc++";
				CLANG_ENABLE_MODULES = YES;
				CLANG_ENABLE_OBJC_ARC = YES;
				CLANG_WARN_BOOL_CONVERSION = YES;
				CLANG_WARN_CONSTANT_CONVERSION = YES;
				CLANG_WARN_DIRECT_OBJC_ISA_USAGE = YES_ERROR;
				CLANG_WARN_EMPTY_BODY = YES;
				CLANG_WARN_ENUM_CONVERSION = YES;
				CLANG_WARN_INT_CONVERSION = YES;
				CLANG_WARN_OBJC_ROOT_CLASS = YES_ERROR;
				CLANG_WARN_UNREACHABLE_CODE = YES;
				CLANG_WARN__DUPLICATE_METHOD_MATCH = YES;
				"CODE_SIGN_IDENTITY[sdk=iphoneos*]" = "iPhone Developer";
				COPY_PHASE_STRIP = NO;
				DEBUG_INFORMATION_FORMAT = dwarf;
				ENABLE_STRICT_OBJC_MSGSEND = YES;
				ENABLE_TESTABILITY = YES;
				GCC_C_LANGUAGE_STANDARD = gnu99;
				GCC_DYNAMIC_NO_PIC = NO;
				GCC_NO_COMMON_BLOCKS = YES;
				GCC_OPTIMIZATION_LEVEL = 0;
				GCC_PREPROCESSOR_DEFINITIONS = (
					"DEBUG=1",
					"$(inherited)",
				);
				GCC_WARN_64_TO_32_BIT_CONVERSION = YES;
				GCC_WARN_ABOUT_RETURN_TYPE = YES_ERROR;
				GCC_WARN_UNDECLARED_SELECTOR = YES;
				GCC_WARN_UNINITIALIZED_AUTOS = YES_AGGRESSIVE;
				GCC_WARN_UNUSED_FUNCTION = YES;
				GCC_WARN_UNUSED_VARIABLE = YES;
				IPHONEOS_DEPLOYMENT_TARGET = 9.3;
				MTL_ENABLE_DEBUG_INFO = YES;
				ONLY_ACTIVE_ARCH = YES;
				SDKROOT = iphoneos;
				SWIFT_OPTIMIZATION_LEVEL = "-Onone";
				TARGETED_DEVICE_FAMILY = "1,2";
			};
			name = Debug;
		};
		739566BF1D49962600365141 /* Release */ = {
			isa = XCBuildConfiguration;
			buildSettings = {
				ALWAYS_SEARCH_USER_PATHS = NO;
				CLANG_ANALYZER_NONNULL = YES;
				CLANG_CXX_LANGUAGE_STANDARD = "gnu++0x";
				CLANG_CXX_LIBRARY = "libc++";
				CLANG_ENABLE_MODULES = YES;
				CLANG_ENABLE_OBJC_ARC = YES;
				CLANG_WARN_BOOL_CONVERSION = YES;
				CLANG_WARN_CONSTANT_CONVERSION = YES;
				CLANG_WARN_DIRECT_OBJC_ISA_USAGE = YES_ERROR;
				CLANG_WARN_EMPTY_BODY = YES;
				CLANG_WARN_ENUM_CONVERSION = YES;
				CLANG_WARN_INT_CONVERSION = YES;
				CLANG_WARN_OBJC_ROOT_CLASS = YES_ERROR;
				CLANG_WARN_UNREACHABLE_CODE = YES;
				CLANG_WARN__DUPLICATE_METHOD_MATCH = YES;
				"CODE_SIGN_IDENTITY[sdk=iphoneos*]" = "iPhone Developer";
				COPY_PHASE_STRIP = NO;
				DEBUG_INFORMATION_FORMAT = "dwarf-with-dsym";
				ENABLE_NS_ASSERTIONS = NO;
				ENABLE_STRICT_OBJC_MSGSEND = YES;
				GCC_C_LANGUAGE_STANDARD = gnu99;
				GCC_NO_COMMON_BLOCKS = YES;
				GCC_WARN_64_TO_32_BIT_CONVERSION = YES;
				GCC_WARN_ABOUT_RETURN_TYPE = YES_ERROR;
				GCC_WARN_UNDECLARED_SELECTOR = YES;
				GCC_WARN_UNINITIALIZED_AUTOS = YES_AGGRESSIVE;
				GCC_WARN_UNUSED_FUNCTION = YES;
				GCC_WARN_UNUSED_VARIABLE = YES;
				IPHONEOS_DEPLOYMENT_TARGET = 9.3;
				MTL_ENABLE_DEBUG_INFO = NO;
				SDKROOT = iphoneos;
				TARGETED_DEVICE_FAMILY = "1,2";
				VALIDATE_PRODUCT = YES;
			};
			name = Release;
		};
		739566C11D49962600365141 /* Debug */ = {
			isa = XCBuildConfiguration;
			buildSettings = {
				ASSETCATALOG_COMPILER_APPICON_NAME = AppIcon;
				INFOPLIST_FILE = HelloGuessNumber/Info.plist;
				LD_RUNPATH_SEARCH_PATHS = "$(inherited) @executable_path/Frameworks";
				PRODUCT_BUNDLE_IDENTIFIER = MinYeh.HelloGuessNumber;
				PRODUCT_NAME = "$(TARGET_NAME)";
			};
			name = Debug;
		};
		739566C21D49962600365141 /* Release */ = {
			isa = XCBuildConfiguration;
			buildSettings = {
				ASSETCATALOG_COMPILER_APPICON_NAME = AppIcon;
				INFOPLIST_FILE = HelloGuessNumber/Info.plist;
				LD_RUNPATH_SEARCH_PATHS = "$(inherited) @executable_path/Frameworks";
				PRODUCT_BUNDLE_IDENTIFIER = MinYeh.HelloGuessNumber;
				PRODUCT_NAME = "$(TARGET_NAME)";
			};
			name = Release;
		};
/* End XCBuildConfiguration section */

/* Begin XCConfigurationList section */
		739566A91D49962600365141 /* Build configuration list for PBXProject "HelloGuessNumber" */ = {
			isa = XCConfigurationList;
			buildConfigurations = (
				739566BE1D49962600365141 /* Debug */,
				739566BF1D49962600365141 /* Release */,
			);
			defaultConfigurationIsVisible = 0;
			defaultConfigurationName = Release;
		};
		739566C01D49962600365141 /* Build configuration list for PBXNativeTarget "HelloGuessNumber" */ = {
			isa = XCConfigurationList;
			buildConfigurations = (
				739566C11D49962600365141 /* Debug */,
				739566C21D49962600365141 /* Release */,
			);
			defaultConfigurationIsVisible = 0;
		};
/* End XCConfigurationList section */
	};
	rootObject = 739566A61D49962600365141 /* Project object */;
}
